// !$*UTF8*$!
{
	archiveVersion = 1;
	classes = {
	};
	objectVersion = 50;
	objects = {

/* Begin PBXBuildFile section */
		49AC3B0820EB046D00C811CF /* Deck.m in Sources */ = {isa = PBXBuildFile; fileRef = 49AC3B0720EB046D00C811CF /* Deck.m */; };
		49AC3B0B20EB15CF00C811CF /* PlayingCard.m in Sources */ = {isa = PBXBuildFile; fileRef = 49AC3B0A20EB15CF00C811CF /* PlayingCard.m */; };
		49AC3B0E20EB1AB100C811CF /* PlayingCardDeck.m in Sources */ = {isa = PBXBuildFile; fileRef = 49AC3B0D20EB1AB100C811CF /* PlayingCardDeck.m */; };
		49AC3B1420EB53F700C811CF /* CardGameViewController.m in Sources */ = {isa = PBXBuildFile; fileRef = 49AC3B1320EB53F700C811CF /* CardGameViewController.m */; };
		49AC3B1820EB5EA000C811CF /* CardMatchingGame.m in Sources */ = {isa = PBXBuildFile; fileRef = 49AC3B1720EB5EA000C811CF /* CardMatchingGame.m */; };
		49FF7DE820EA22DB0016365C /* AppDelegate.m in Sources */ = {isa = PBXBuildFile; fileRef = 49FF7DE720EA22DB0016365C /* AppDelegate.m */; };
		49FF7DEE20EA22DB0016365C /* Main.storyboard in Resources */ = {isa = PBXBuildFile; fileRef = 49FF7DEC20EA22DB0016365C /* Main.storyboard */; };
		49FF7DF020EA22DD0016365C /* Assets.xcassets in Resources */ = {isa = PBXBuildFile; fileRef = 49FF7DEF20EA22DD0016365C /* Assets.xcassets */; };
		49FF7DF320EA22DD0016365C /* LaunchScreen.storyboard in Resources */ = {isa = PBXBuildFile; fileRef = 49FF7DF120EA22DD0016365C /* LaunchScreen.storyboard */; };
		49FF7DF620EA22DD0016365C /* main.m in Sources */ = {isa = PBXBuildFile; fileRef = 49FF7DF520EA22DD0016365C /* main.m */; };
		49FF7DFE20EA23310016365C /* Card.m in Sources */ = {isa = PBXBuildFile; fileRef = 49FF7DFD20EA23310016365C /* Card.m */; };
/* End PBXBuildFile section */

/* Begin PBXFileReference section */
		49AC3B0620EB046D00C811CF /* Deck.h */ = {isa = PBXFileReference; lastKnownFileType = sourcecode.c.h; path = Deck.h; sourceTree = "<group>"; };
		49AC3B0720EB046D00C811CF /* Deck.m */ = {isa = PBXFileReference; lastKnownFileType = sourcecode.c.objc; path = Deck.m; sourceTree = "<group>"; };
		49AC3B0920EB15CF00C811CF /* PlayingCard.h */ = {isa = PBXFileReference; lastKnownFileType = sourcecode.c.h; path = PlayingCard.h; sourceTree = "<group>"; };
		49AC3B0A20EB15CF00C811CF /* PlayingCard.m */ = {isa = PBXFileReference; lastKnownFileType = sourcecode.c.objc; path = PlayingCard.m; sourceTree = "<group>"; };
		49AC3B0C20EB1AB100C811CF /* PlayingCardDeck.h */ = {isa = PBXFileReference; lastKnownFileType = sourcecode.c.h; path = PlayingCardDeck.h; sourceTree = "<group>"; };
		49AC3B0D20EB1AB100C811CF /* PlayingCardDeck.m */ = {isa = PBXFileReference; lastKnownFileType = sourcecode.c.objc; path = PlayingCardDeck.m; sourceTree = "<group>"; };
		49AC3B1220EB53F700C811CF /* CardGameViewController.h */ = {isa = PBXFileReference; lastKnownFileType = sourcecode.c.h; path = CardGameViewController.h; sourceTree = "<group>"; };
		49AC3B1320EB53F700C811CF /* CardGameViewController.m */ = {isa = PBXFileReference; lastKnownFileType = sourcecode.c.objc; path = CardGameViewController.m; sourceTree = "<group>"; };
		49AC3B1620EB5EA000C811CF /* CardMatchingGame.h */ = {isa = PBXFileReference; lastKnownFileType = sourcecode.c.h; path = CardMatchingGame.h; sourceTree = "<group>"; };
		49AC3B1720EB5EA000C811CF /* CardMatchingGame.m */ = {isa = PBXFileReference; lastKnownFileType = sourcecode.c.objc; path = CardMatchingGame.m; sourceTree = "<group>"; };
		49FF7DE320EA22DB0016365C /* Machismo.app */ = {isa = PBXFileReference; explicitFileType = wrapper.application; includeInIndex = 0; path = Machismo.app; sourceTree = BUILT_PRODUCTS_DIR; };
		49FF7DE620EA22DB0016365C /* AppDelegate.h */ = {isa = PBXFileReference; lastKnownFileType = sourcecode.c.h; path = AppDelegate.h; sourceTree = "<group>"; };
		49FF7DE720EA22DB0016365C /* AppDelegate.m */ = {isa = PBXFileReference; lastKnownFileType = sourcecode.c.objc; path = AppDelegate.m; sourceTree = "<group>"; };
		49FF7DED20EA22DB0016365C /* Base */ = {isa = PBXFileReference; lastKnownFileType = file.storyboard; name = Base; path = Base.lproj/Main.storyboard; sourceTree = "<group>"; };
		49FF7DEF20EA22DD0016365C /* Assets.xcassets */ = {isa = PBXFileReference; lastKnownFileType = folder.assetcatalog; path = Assets.xcassets; sourceTree = "<group>"; };
		49FF7DF220EA22DD0016365C /* Base */ = {isa = PBXFileReference; lastKnownFileType = file.storyboard; name = Base; path = Base.lproj/LaunchScreen.storyboard; sourceTree = "<group>"; };
		49FF7DF420EA22DD0016365C /* Info.plist */ = {isa = PBXFileReference; lastKnownFileType = text.plist.xml; path = Info.plist; sourceTree = "<group>"; };
		49FF7DF520EA22DD0016365C /* main.m */ = {isa = PBXFileReference; lastKnownFileType = sourcecode.c.objc; path = main.m; sourceTree = "<group>"; };
		49FF7DFC20EA23310016365C /* Card.h */ = {isa = PBXFileReference; lastKnownFileType = sourcecode.c.h; path = Card.h; sourceTree = "<group>"; };
		49FF7DFD20EA23310016365C /* Card.m */ = {isa = PBXFileReference; lastKnownFileType = sourcecode.c.objc; path = Card.m; sourceTree = "<group>"; };
/* End PBXFileReference section */

/* Begin PBXFrameworksBuildPhase section */
		49FF7DE020EA22DB0016365C /* Frameworks */ = {
			isa = PBXFrameworksBuildPhase;
			buildActionMask = 2147483647;
			files = (
			);
			runOnlyForDeploymentPostprocessing = 0;
		};
/* End PBXFrameworksBuildPhase section */

/* Begin PBXGroup section */
		49AC3B1520EB5B3100C811CF /* Model */ = {
			isa = PBXGroup;
			children = (
				49FF7DFC20EA23310016365C /* Card.h */,
				49FF7DFD20EA23310016365C /* Card.m */,
				49AC3B0620EB046D00C811CF /* Deck.h */,
				49AC3B0720EB046D00C811CF /* Deck.m */,
				49AC3B0920EB15CF00C811CF /* PlayingCard.h */,
				49AC3B0A20EB15CF00C811CF /* PlayingCard.m */,
				49AC3B0C20EB1AB100C811CF /* PlayingCardDeck.h */,
				49AC3B0D20EB1AB100C811CF /* PlayingCardDeck.m */,
				49AC3B1620EB5EA000C811CF /* CardMatchingGame.h */,
				49AC3B1720EB5EA000C811CF /* CardMatchingGame.m */,
			);
			path = Model;
			sourceTree = "<group>";
		};
		49FF7DDA20EA22DB0016365C = {
			isa = PBXGroup;
			children = (
				49FF7DE520EA22DB0016365C /* Machismo */,
				49FF7DE420EA22DB0016365C /* Products */,
			);
			sourceTree = "<group>";
		};
		49FF7DE420EA22DB0016365C /* Products */ = {
			isa = PBXGroup;
			children = (
				49FF7DE320EA22DB0016365C /* Machismo.app */,
			);
			name = Products;
			sourceTree = "<group>";
		};
		49FF7DE520EA22DB0016365C /* Machismo */ = {
			isa = PBXGroup;
			children = (
				49FF7DE620EA22DB0016365C /* AppDelegate.h */,
				49FF7DE720EA22DB0016365C /* AppDelegate.m */,
				49AC3B1220EB53F700C811CF /* CardGameViewController.h */,
				49AC3B1320EB53F700C811CF /* CardGameViewController.m */,
				49FF7DEC20EA22DB0016365C /* Main.storyboard */,
				49FF7DEF20EA22DD0016365C /* Assets.xcassets */,
				49AC3B1520EB5B3100C811CF /* Model */,
				49FF7DF120EA22DD0016365C /* LaunchScreen.storyboard */,
				49FF7DF420EA22DD0016365C /* Info.plist */,
				49FF7DF520EA22DD0016365C /* main.m */,
			);
			path = Machismo;
			sourceTree = "<group>";
		};
/* End PBXGroup section */

/* Begin PBXNativeTarget section */
		49FF7DE220EA22DB0016365C /* Machismo */ = {
			isa = PBXNativeTarget;
			buildConfigurationList = 49FF7DF920EA22DD0016365C /* Build configuration list for PBXNativeTarget "Machismo" */;
			buildPhases = (
				49FF7DDF20EA22DB0016365C /* Sources */,
				49FF7DE020EA22DB0016365C /* Frameworks */,
				49FF7DE120EA22DB0016365C /* Resources */,
			);
			buildRules = (
			);
			dependencies = (
			);
			name = Machismo;
			productName = Machismo;
			productReference = 49FF7DE320EA22DB0016365C /* Machismo.app */;
			productType = "com.apple.product-type.application";
		};
/* End PBXNativeTarget section */

/* Begin PBXProject section */
		49FF7DDB20EA22DB0016365C /* Project object */ = {
			isa = PBXProject;
			attributes = {
				LastUpgradeCheck = 0940;
				ORGANIZATIONNAME = "李键超";
				TargetAttributes = {
					49FF7DE220EA22DB0016365C = {
						CreatedOnToolsVersion = 9.4.1;
					};
				};
			};
			buildConfigurationList = 49FF7DDE20EA22DB0016365C /* Build configuration list for PBXProject "Machismo" */;
			compatibilityVersion = "Xcode 9.3";
			developmentRegion = en;
			hasScannedForEncodings = 0;
			knownRegions = (
				en,
				Base,
			);
			mainGroup = 49FF7DDA20EA22DB0016365C;
			productRefGroup = 49FF7DE420EA22DB0016365C /* Products */;
			projectDirPath = "";
			projectRoot = "";
			targets = (
				49FF7DE220EA22DB0016365C /* Machismo */,
			);
		};
/* End PBXProject section */

/* Begin PBXResourcesBuildPhase section */
		49FF7DE120EA22DB0016365C /* Resources */ = {
			isa = PBXResourcesBuildPhase;
			buildActionMask = 2147483647;
			files = (
				49FF7DF320EA22DD0016365C /* LaunchScreen.storyboard in Resources */,
				49FF7DF020EA22DD0016365C /* Assets.xcassets in Resources */,
				49FF7DEE20EA22DB0016365C /* Main.storyboard in Resources */,
			);
			runOnlyForDeploymentPostprocessing = 0;
		};
/* End PBXResourcesBuildPhase section */

/* Begin PBXSourcesBuildPhase section */
		49FF7DDF20EA22DB0016365C /* Sources */ = {
			isa = PBXSourcesBuildPhase;
			buildActionMask = 2147483647;
			files = (
				49AC3B0B20EB15CF00C811CF /* PlayingCard.m in Sources */,
				49AC3B0820EB046D00C811CF /* Deck.m in Sources */,
				49AC3B1820EB5EA000C811CF /* CardMatchingGame.m in Sources */,
				49FF7DF620EA22DD0016365C /* main.m in Sources */,
				49AC3B0E20EB1AB100C811CF /* PlayingCardDeck.m in Sources */,
				49FF7DE820EA22DB0016365C /* AppDelegate.m in Sources */,
				49AC3B1420EB53F700C811CF /* CardGameViewController.m in Sources */,
				49FF7DFE20EA23310016365C /* Card.m in Sources */,
			);
			runOnlyForDeploymentPostprocessing = 0;
		};
/* End PBXSourcesBuildPhase section */

/* Begin PBXVariantGroup section */
		49FF7DEC20EA22DB0016365C /* Main.storyboard */ = {
			isa = PBXVariantGroup;
			children = (
				49FF7DED20EA22DB0016365C /* Base */,
			);
			name = Main.storyboard;
			sourceTree = "<group>";
		};
		49FF7DF120EA22DD0016365C /* LaunchScreen.storyboard */ = {
			isa = PBXVariantGroup;
			children = (
				49FF7DF220EA22DD0016365C /* Base */,
			);
			name = LaunchScreen.storyboard;
			sourceTree = "<group>";
		};
/* End PBXVariantGroup section */

/* Begin XCBuildConfiguration section */
		49FF7DF720EA22DD0016365C /* Debug */ = {
			isa = XCBuildConfiguration;
			buildSettings = {
				ALWAYS_SEARCH_USER_PATHS = NO;
				CLANG_ANALYZER_NONNULL = YES;
				CLANG_ANALYZER_NUMBER_OBJECT_CONVERSION = YES_AGGRESSIVE;
				CLANG_CXX_LANGUAGE_STANDARD = "gnu++14";
				CLANG_CXX_LIBRARY = "libc++";
				CLANG_ENABLE_MODULES = YES;
				CLANG_ENABLE_OBJC_ARC = YES;
				CLANG_ENABLE_OBJC_WEAK = YES;
				CLANG_WARN_BLOCK_CAPTURE_AUTORELEASING = YES;
				CLANG_WARN_BOOL_CONVERSION = YES;
				CLANG_WARN_COMMA = YES;
				CLANG_WARN_CONSTANT_CONVERSION = YES;
				CLANG_WARN_DEPRECATED_OBJC_IMPLEMENTATIONS = YES;
				CLANG_WARN_DIRECT_OBJC_ISA_USAGE = YES_ERROR;
				CLANG_WARN_DOCUMENTATION_COMMENTS = YES;
				CLANG_WARN_EMPTY_BODY = YES;
				CLANG_WARN_ENUM_CONVERSION = YES;
				CLANG_WARN_INFINITE_RECURSION = YES;
				CLANG_WARN_INT_CONVERSION = YES;
				CLANG_WARN_NON_LITERAL_NULL_CONVERSION = YES;
				CLANG_WARN_OBJC_IMPLICIT_RETAIN_SELF = YES;
				CLANG_WARN_OBJC_LITERAL_CONVERSION = YES;
				CLANG_WARN_OBJC_ROOT_CLASS = YES_ERROR;
				CLANG_WARN_RANGE_LOOP_ANALYSIS = YES;
				CLANG_WARN_STRICT_PROTOTYPES = YES;
				CLANG_WARN_SUSPICIOUS_MOVE = YES;
				CLANG_WARN_UNGUARDED_AVAILABILITY = YES_AGGRESSIVE;
				CLANG_WARN_UNREACHABLE_CODE = YES;
				CLANG_WARN__DUPLICATE_METHOD_MATCH = YES;
				CODE_SIGN_IDENTITY = "iPhone Developer";
				COPY_PHASE_STRIP = NO;
				DEBUG_INFORMATION_FORMAT = dwarf;
				ENABLE_STRICT_OBJC_MSGSEND = YES;
				ENABLE_TESTABILITY = YES;
				GCC_C_LANGUAGE_STANDARD = gnu11;
				GCC_DYNAMIC_NO_PIC = NO;
				GCC_NO_COMMON_BLOCKS = YES;
				GCC_OPTIMIZATION_LEVEL = 0;
				GCC_PREPROCESSOR_DEFINITIONS = (
					"DEBUG=1",
					"$(inherited)",
				);
				GCC_WARN_64_TO_32_BIT_CONVERSION = YES;
				GCC_WARN_ABOUT_RETURN_TYPE = YES_ERROR;
				GCC_WARN_UNDECLARED_SELECTOR = YES;
				GCC_WARN_UNINITIALIZED_AUTOS = YES_AGGRESSIVE;
				GCC_WARN_UNUSED_FUNCTION = YES;
				GCC_WARN_UNUSED_VARIABLE = YES;
				IPHONEOS_DEPLOYMENT_TARGET = 11.4;
				MTL_ENABLE_DEBUG_INFO = YES;
				ONLY_ACTIVE_ARCH = YES;
				SDKROOT = iphoneos;
			};
			name = Debug;
		};
		49FF7DF820EA22DD0016365C /* Release */ = {
			isa = XCBuildConfiguration;
			buildSettings = {
				ALWAYS_SEARCH_USER_PATHS = NO;
				CLANG_ANALYZER_NONNULL = YES;
				CLANG_ANALYZER_NUMBER_OBJECT_CONVERSION = YES_AGGRESSIVE;
				CLANG_CXX_LANGUAGE_STANDARD = "gnu++14";
				CLANG_CXX_LIBRARY = "libc++";
				CLANG_ENABLE_MODULES = YES;
				CLANG_ENABLE_OBJC_ARC = YES;
				CLANG_ENABLE_OBJC_WEAK = YES;
				CLANG_WARN_BLOCK_CAPTURE_AUTORELEASING = YES;
				CLANG_WARN_BOOL_CONVERSION = YES;
				CLANG_WARN_COMMA = YES;
				CLANG_WARN_CONSTANT_CONVERSION = YES;
				CLANG_WARN_DEPRECATED_OBJC_IMPLEMENTATIONS = YES;
				CLANG_WARN_DIRECT_OBJC_ISA_USAGE = YES_ERROR;
				CLANG_WARN_DOCUMENTATION_COMMENTS = YES;
				CLANG_WARN_EMPTY_BODY = YES;
				CLANG_WARN_ENUM_CONVERSION = YES;
				CLANG_WARN_INFINITE_RECURSION = YES;
				CLANG_WARN_INT_CONVERSION = YES;
				CLANG_WARN_NON_LITERAL_NULL_CONVERSION = YES;
				CLANG_WARN_OBJC_IMPLICIT_RETAIN_SELF = YES;
				CLANG_WARN_OBJC_LITERAL_CONVERSION = YES;
				CLANG_WARN_OBJC_ROOT_CLASS = YES_ERROR;
				CLANG_WARN_RANGE_LOOP_ANALYSIS = YES;
				CLANG_WARN_STRICT_PROTOTYPES = YES;
				CLANG_WARN_SUSPICIOUS_MOVE = YES;
				CLANG_WARN_UNGUARDED_AVAILABILITY = YES_AGGRESSIVE;
				CLANG_WARN_UNREACHABLE_CODE = YES;
				CLANG_WARN__DUPLICATE_METHOD_MATCH = YES;
				CODE_SIGN_IDENTITY = "iPhone Developer";
				COPY_PHASE_STRIP = NO;
				DEBUG_INFORMATION_FORMAT = "dwarf-with-dsym";
				ENABLE_NS_ASSERTIONS = NO;
				ENABLE_STRICT_OBJC_MSGSEND = YES;
				GCC_C_LANGUAGE_STANDARD = gnu11;
				GCC_NO_COMMON_BLOCKS = YES;
				GCC_WARN_64_TO_32_BIT_CONVERSION = YES;
				GCC_WARN_ABOUT_RETURN_TYPE = YES_ERROR;
				GCC_WARN_UNDECLARED_SELECTOR = YES;
				GCC_WARN_UNINITIALIZED_AUTOS = YES_AGGRESSIVE;
				GCC_WARN_UNUSED_FUNCTION = YES;
				GCC_WARN_UNUSED_VARIABLE = YES;
				IPHONEOS_DEPLOYMENT_TARGET = 11.4;
				MTL_ENABLE_DEBUG_INFO = NO;
				SDKROOT = iphoneos;
				VALIDATE_PRODUCT = YES;
			};
			name = Release;
		};
		49FF7DFA20EA22DD0016365C /* Debug */ = {
			isa = XCBuildConfiguration;
			buildSettings = {
				ASSETCATALOG_COMPILER_APPICON_NAME = AppIcon;
				CODE_SIGN_STYLE = Automatic;
				DEVELOPMENT_TEAM = 76D3AFCN9H;
				INFOPLIST_FILE = Machismo/Info.plist;
				LD_RUNPATH_SEARCH_PATHS = (
					"$(inherited)",
					"@executable_path/Frameworks",
				);
				PRODUCT_BUNDLE_IDENTIFIER = Personal.Machismo;
				PRODUCT_NAME = "$(TARGET_NAME)";
				TARGETED_DEVICE_FAMILY = "1,2";
			};
			name = Debug;
		};
		49FF7DFB20EA22DD0016365C /* Release */ = {
			isa = XCBuildConfiguration;
			buildSettings = {
				ASSETCATALOG_COMPILER_APPICON_NAME = AppIcon;
				CODE_SIGN_STYLE = Automatic;
				DEVELOPMENT_TEAM = 76D3AFCN9H;
				INFOPLIST_FILE = Machismo/Info.plist;
				LD_RUNPATH_SEARCH_PATHS = (
					"$(inherited)",
					"@executable_path/Frameworks",
				);
				PRODUCT_BUNDLE_IDENTIFIER = Personal.Machismo;
				PRODUCT_NAME = "$(TARGET_NAME)";
				TARGETED_DEVICE_FAMILY = "1,2";
			};
			name = Release;
		};
/* End XCBuildConfiguration section */

/* Begin XCConfigurationList section */
		49FF7DDE20EA22DB0016365C /* Build configuration list for PBXProject "Machismo" */ = {
			isa = XCConfigurationList;
			buildConfigurations = (
				49FF7DF720EA22DD0016365C /* Debug */,
				49FF7DF820EA22DD0016365C /* Release */,
			);
			defaultConfigurationIsVisible = 0;
			defaultConfigurationName = Release;
		};
		49FF7DF920EA22DD0016365C /* Build configuration list for PBXNativeTarget "Machismo" */ = {
			isa = XCConfigurationList;
			buildConfigurations = (
				49FF7DFA20EA22DD0016365C /* Debug */,
				49FF7DFB20EA22DD0016365C /* Release */,
			);
			defaultConfigurationIsVisible = 0;
			defaultConfigurationName = Release;
		};
/* End XCConfigurationList section */
	};
	rootObject = 49FF7DDB20EA22DB0016365C /* Project object */;
}
